<?xml version="1.0" encoding="utf-8"?>
<Project ToolsVersion="4.0" xmlns="http://schemas.microsoft.com/developer/msbuild/2003">
  <ItemGroup>
    <ClInclude Include="PreCompile.h">
      <Filter>PreCompile</Filter>
    </ClInclude>
    <ClInclude Include="VamSurContentsCore.h">
      <Filter>ContentsCore</Filter>
    </ClInclude>
    <ClInclude Include="InGameMode.h">
      <Filter>ContentsObjects\GameMode</Filter>
    </ClInclude>
    <ClInclude Include="ContentsEnum.h">
      <Filter>ContentsObjects\Global</Filter>
    </ClInclude>
    <ClInclude Include="PlayMap.h">
      <Filter>ContentsObjects\InGame</Filter>
    </ClInclude>
    <ClInclude Include="Bullet.h">
      <Filter>ContentsObjects\InGame</Filter>
    </ClInclude>
    <ClInclude Include="TitleGameMode.h">
      <Filter>ContentsObjects\GameMode</Filter>
    </ClInclude>
    <ClInclude Include="InfiniteMap.h">
      <Filter>ContentsObjects\InGame</Filter>
    </ClInclude>
    <ClInclude Include="Bat1.h">
      <Filter>ContentsObjects\Monster</Filter>
    </ClInclude>
    <ClInclude Include="ResultGameMode.h">
      <Filter>ContentsObjects\GameMode</Filter>
    </ClInclude>
    <ClInclude Include="TitleUI.h">
      <Filter>ContentsObjects\Title</Filter>
    </ClInclude>
    <ClInclude Include="Player.h">
      <Filter>ContentsObjects\Player</Filter>
    </ClInclude>
    <ClInclude Include="Monster.h">
      <Filter>ContentsObjects\Monster</Filter>
    </ClInclude>
    <ClInclude Include="MonsterSpawner.h">
      <Filter>ContentsObjects\Monster</Filter>
    </ClInclude>
    <ClInclude Include="Antonio.h">
      <Filter>ContentsObjects\Player</Filter>
    </ClInclude>
    <ClInclude Include="TitleAntonio.h">
      <Filter>ContentsObjects\Title\TitleImage</Filter>
    </ClInclude>
    <ClInclude Include="TitleBG.h">
      <Filter>ContentsObjects\Title\TitleImage</Filter>
    </ClInclude>
    <ClInclude Include="TitleImelda.h">
      <Filter>ContentsObjects\Title\TitleImage</Filter>
    </ClInclude>
    <ClInclude Include="TitleLogo.h">
      <Filter>ContentsObjects\Title\TitleImage</Filter>
    </ClInclude>
    <ClInclude Include="TitleVillain.h">
      <Filter>ContentsObjects\Title\TitleImage</Filter>
    </ClInclude>
  </ItemGroup>
  <ItemGroup>
    <ClCompile Include="PreCompile.cpp">
      <Filter>PreCompile</Filter>
    </ClCompile>
    <ClCompile Include="VamSurContentsCore.cpp">
      <Filter>ContentsCore</Filter>
    </ClCompile>
    <ClCompile Include="InGameMode.cpp">
      <Filter>ContentsObjects\GameMode</Filter>
    </ClCompile>
    <ClCompile Include="ContentsEnum.cpp">
      <Filter>ContentsObjects\Global</Filter>
    </ClCompile>
    <ClCompile Include="PlayMap.cpp">
      <Filter>ContentsObjects\InGame</Filter>
    </ClCompile>
    <ClCompile Include="Bullet.cpp">
      <Filter>ContentsObjects\InGame</Filter>
    </ClCompile>
    <ClCompile Include="TitleGameMode.cpp">
      <Filter>ContentsObjects\GameMode</Filter>
    </ClCompile>
    <ClCompile Include="InfiniteMap.cpp">
      <Filter>ContentsObjects\InGame</Filter>
    </ClCompile>
    <ClCompile Include="Bat1.cpp">
      <Filter>ContentsObjects\Monster</Filter>
    </ClCompile>
    <ClCompile Include="ResultGameMode.cpp">
      <Filter>ContentsObjects\GameMode</Filter>
    </ClCompile>
    <ClCompile Include="TitleUI.cpp">
      <Filter>ContentsObjects\Title</Filter>
    </ClCompile>
    <ClCompile Include="Player.cpp">
      <Filter>ContentsObjects\Player</Filter>
    </ClCompile>
    <ClCompile Include="Monster.cpp">
      <Filter>ContentsObjects\Monster</Filter>
    </ClCompile>
    <ClCompile Include="MonsterSpawner.cpp">
      <Filter>ContentsObjects\Monster</Filter>
    </ClCompile>
    <ClCompile Include="Antonio.cpp">
      <Filter>ContentsObjects\Player</Filter>
    </ClCompile>
    <ClCompile Include="TitleAntonio.cpp">
      <Filter>ContentsObjects\Title\TitleImage</Filter>
    </ClCompile>
    <ClCompile Include="TitleBG.cpp">
      <Filter>ContentsObjects\Title\TitleImage</Filter>
    </ClCompile>
    <ClCompile Include="TitleImelda.cpp">
      <Filter>ContentsObjects\Title\TitleImage</Filter>
    </ClCompile>
    <ClCompile Include="TitleLogo.cpp">
      <Filter>ContentsObjects\Title\TitleImage</Filter>
    </ClCompile>
    <ClCompile Include="TitleVillain.cpp">
      <Filter>ContentsObjects\Title\TitleImage</Filter>
    </ClCompile>
  </ItemGroup>
  <ItemGroup>
    <Filter Include="PreCompile">
      <UniqueIdentifier>{02fb7197-9b10-4a8d-86f6-9702f1b724e3}</UniqueIdentifier>
    </Filter>
    <Filter Include="ContentsObjects">
      <UniqueIdentifier>{eed5a0ad-0abd-4a7c-b03b-c276d3ed4aec}</UniqueIdentifier>
    </Filter>
    <Filter Include="ContentsObjects\Player">
      <UniqueIdentifier>{65f8c41c-3db2-4fb6-b0a2-c75b11856fb5}</UniqueIdentifier>
    </Filter>
    <Filter Include="ContentsCore">
      <UniqueIdentifier>{cd8c6bd2-387d-4630-86a7-79827ae723dc}</UniqueIdentifier>
    </Filter>
    <Filter Include="ContentsObjects\Global">
      <UniqueIdentifier>{0b285956-0d88-4f38-97f4-21b3c7b1aff5}</UniqueIdentifier>
    </Filter>
    <Filter Include="ContentsObjects\GameMode">
      <UniqueIdentifier>{1c225632-a69c-4795-9839-c4250d9d5c60}</UniqueIdentifier>
    </Filter>
    <Filter Include="ContentsObjects\InGame">
      <UniqueIdentifier>{238898a9-2dff-4472-85a0-09051f503afd}</UniqueIdentifier>
    </Filter>
    <Filter Include="ContentsObjects\Title">
      <UniqueIdentifier>{3a4f3a48-ce41-4e62-9d31-f3a7e55a4827}</UniqueIdentifier>
    </Filter>
    <Filter Include="ContentsObjects\Result">
      <UniqueIdentifier>{d54e30a8-cedb-4838-be33-c142e2755543}</UniqueIdentifier>
    </Filter>
    <Filter Include="ContentsObjects\Monster">
      <UniqueIdentifier>{6cfc64e9-b242-4ae8-afa0-c1551a6edeab}</UniqueIdentifier>
    </Filter>
    <Filter Include="ContentsObjects\Title\TitleImage">
      <UniqueIdentifier>{de0731a3-e7bc-4400-abc6-20cc24380b67}</UniqueIdentifier>
    </Filter>
  </ItemGroup>
</Project>