<?xml version="1.0" encoding="utf-8"?>
<Project ToolsVersion="4.0" xmlns="http://schemas.microsoft.com/developer/msbuild/2003">
  <ItemGroup>
    <ClInclude Include="PreCompile.h">
      <Filter>PreCompile</Filter>
    </ClInclude>
    <ClInclude Include="VamSurContentsCore.h">
      <Filter>ContentsCore</Filter>
    </ClInclude>
    <ClInclude Include="InGameMode.h">
      <Filter>ContentsObjects\GameMode</Filter>
    </ClInclude>
    <ClInclude Include="ContentsEnum.h">
      <Filter>ContentsObjects\Global</Filter>
    </ClInclude>
    <ClInclude Include="TitleGameMode.h">
      <Filter>ContentsObjects\GameMode</Filter>
    </ClInclude>
    <ClInclude Include="InfiniteMap.h">
      <Filter>ContentsObjects\InGame</Filter>
    </ClInclude>
    <ClInclude Include="ResultGameMode.h">
      <Filter>ContentsObjects\GameMode</Filter>
    </ClInclude>
    <ClInclude Include="TitleUI.h">
      <Filter>ContentsObjects\Title</Filter>
    </ClInclude>
    <ClInclude Include="Player.h">
      <Filter>ContentsObjects\Player</Filter>
    </ClInclude>
    <ClInclude Include="Monster.h">
      <Filter>ContentsObjects\Monster</Filter>
    </ClInclude>
    <ClInclude Include="MonsterSpawner.h">
      <Filter>ContentsObjects\Monster</Filter>
    </ClInclude>
    <ClInclude Include="TitleAntonio.h">
      <Filter>ContentsObjects\Title\MainTitle</Filter>
    </ClInclude>
    <ClInclude Include="TitleBG.h">
      <Filter>ContentsObjects\Title\MainTitle</Filter>
    </ClInclude>
    <ClInclude Include="TitleImelda.h">
      <Filter>ContentsObjects\Title\MainTitle</Filter>
    </ClInclude>
    <ClInclude Include="TitleLogo.h">
      <Filter>ContentsObjects\Title\MainTitle</Filter>
    </ClInclude>
    <ClInclude Include="TitleVillain.h">
      <Filter>ContentsObjects\Title\MainTitle</Filter>
    </ClInclude>
    <ClInclude Include="TitleSelectCharacter.h">
      <Filter>ContentsObjects\Title\SelectCharacterTitle</Filter>
    </ClInclude>
    <ClInclude Include="CharactersStatus.h">
      <Filter>ContentsObjects\Player</Filter>
    </ClInclude>
    <ClInclude Include="TitleSelectCursor.h">
      <Filter>ContentsObjects\Title\SelectCharacterTitle</Filter>
    </ClInclude>
    <ClInclude Include="TitleCursor.h">
      <Filter>ContentsObjects\Title\MainTitle</Filter>
    </ClInclude>
    <ClInclude Include="ExpBarUI.h">
      <Filter>ContentsObjects\InGame\InGameUI</Filter>
    </ClInclude>
    <ClInclude Include="InGameUI.h">
      <Filter>ContentsObjects\InGame</Filter>
    </ClInclude>
    <ClInclude Include="WeaponSlotsUI.h">
      <Filter>ContentsObjects\InGame\InGameUI</Filter>
    </ClInclude>
    <ClInclude Include="KillAndGoldUI.h">
      <Filter>ContentsObjects\InGame\InGameUI</Filter>
    </ClInclude>
    <ClInclude Include="MonsterStatus.h">
      <Filter>ContentsObjects\Monster</Filter>
    </ClInclude>
    <ClInclude Include="Weapon.h">
      <Filter>ContentsObjects\Weapon</Filter>
    </ClInclude>
    <ClInclude Include="ExpItem.h">
      <Filter>ContentsObjects\Item\DropItem</Filter>
    </ClInclude>
    <ClInclude Include="DropItem.h">
      <Filter>ContentsObjects\Item</Filter>
    </ClInclude>
    <ClInclude Include="LevelUpUI.h">
      <Filter>ContentsObjects\InGame\InGameUI</Filter>
    </ClInclude>
    <ClInclude Include="TimeUI.h">
      <Filter>ContentsObjects\InGame\InGameUI</Filter>
    </ClInclude>
    <ClInclude Include="TextBox.h">
      <Filter>ContentsObjects\Text</Filter>
    </ClInclude>
    <ClInclude Include="Knife.h">
      <Filter>ContentsObjects\Weapon\Aggressive</Filter>
    </ClInclude>
    <ClInclude Include="Whip.h">
      <Filter>ContentsObjects\Weapon\Aggressive</Filter>
    </ClInclude>
    <ClInclude Include="MagicWand.h">
      <Filter>ContentsObjects\Weapon\Aggressive</Filter>
    </ClInclude>
    <ClInclude Include="FireWand.h">
      <Filter>ContentsObjects\Weapon\Aggressive</Filter>
    </ClInclude>
    <ClInclude Include="KingBible.h">
      <Filter>ContentsObjects\Weapon\Aggressive</Filter>
    </ClInclude>
    <ClInclude Include="PlayerHpUI.h">
      <Filter>ContentsObjects\InGame\InGameUI</Filter>
    </ClInclude>
    <ClInclude Include="WeaponManager.h">
      <Filter>ContentsObjects\Weapon</Filter>
    </ClInclude>
    <ClInclude Include="HollowHeart.h">
      <Filter>ContentsObjects\Weapon\Passive</Filter>
    </ClInclude>
    <ClInclude Include="EmptyTome.h">
      <Filter>ContentsObjects\Weapon\Passive</Filter>
    </ClInclude>
    <ClInclude Include="Bracer.h">
      <Filter>ContentsObjects\Weapon\Passive</Filter>
    </ClInclude>
    <ClInclude Include="Spinach.h">
      <Filter>ContentsObjects\Weapon\Passive</Filter>
    </ClInclude>
    <ClInclude Include="Spellbinder.h">
      <Filter>ContentsObjects\Weapon\Passive</Filter>
    </ClInclude>
    <ClInclude Include="WeaponsLevelDescriptions.h">
      <Filter>ContentsObjects\Weapon</Filter>
    </ClInclude>
    <ClInclude Include="ItemContainer.h">
      <Filter>ContentsObjects\Item</Filter>
    </ClInclude>
    <ClInclude Include="GoldItem.h">
      <Filter>ContentsObjects\Item\DropItem</Filter>
    </ClInclude>
    <ClInclude Include="RosaryItem.h">
      <Filter>ContentsObjects\Item\DropItem</Filter>
    </ClInclude>
    <ClInclude Include="TantoItem.h">
      <Filter>ContentsObjects\Item\DropItem</Filter>
    </ClInclude>
    <ClInclude Include="VacuumItem.h">
      <Filter>ContentsObjects\Item\DropItem</Filter>
    </ClInclude>
    <ClInclude Include="FloorChickenItem.h">
      <Filter>ContentsObjects\Item\DropItem</Filter>
    </ClInclude>
    <ClInclude Include="RichCoinBagItem.h">
      <Filter>ContentsObjects\Item\DropItem</Filter>
    </ClInclude>
    <ClInclude Include="TantoSkill.h">
      <Filter>ContentsObjects\Item\DropItemSkill</Filter>
    </ClInclude>
    <ClInclude Include="Garlic.h">
      <Filter>ContentsObjects\Weapon\Aggressive</Filter>
    </ClInclude>
    <ClInclude Include="Pummarola.h">
      <Filter>ContentsObjects\Weapon\Passive</Filter>
    </ClInclude>
    <ClInclude Include="ChestItem.h">
      <Filter>ContentsObjects\Item</Filter>
    </ClInclude>
    <ClInclude Include="ChestUI.h">
      <Filter>ContentsObjects\InGame\InGameUI</Filter>
    </ClInclude>
    <ClInclude Include="DieUI.h">
      <Filter>ContentsObjects\InGame\DieUI</Filter>
    </ClInclude>
  </ItemGroup>
  <ItemGroup>
    <ClCompile Include="PreCompile.cpp">
      <Filter>PreCompile</Filter>
    </ClCompile>
    <ClCompile Include="VamSurContentsCore.cpp">
      <Filter>ContentsCore</Filter>
    </ClCompile>
    <ClCompile Include="InGameMode.cpp">
      <Filter>ContentsObjects\GameMode</Filter>
    </ClCompile>
    <ClCompile Include="ContentsEnum.cpp">
      <Filter>ContentsObjects\Global</Filter>
    </ClCompile>
    <ClCompile Include="TitleGameMode.cpp">
      <Filter>ContentsObjects\GameMode</Filter>
    </ClCompile>
    <ClCompile Include="InfiniteMap.cpp">
      <Filter>ContentsObjects\InGame</Filter>
    </ClCompile>
    <ClCompile Include="ResultGameMode.cpp">
      <Filter>ContentsObjects\GameMode</Filter>
    </ClCompile>
    <ClCompile Include="TitleUI.cpp">
      <Filter>ContentsObjects\Title</Filter>
    </ClCompile>
    <ClCompile Include="Player.cpp">
      <Filter>ContentsObjects\Player</Filter>
    </ClCompile>
    <ClCompile Include="Monster.cpp">
      <Filter>ContentsObjects\Monster</Filter>
    </ClCompile>
    <ClCompile Include="MonsterSpawner.cpp">
      <Filter>ContentsObjects\Monster</Filter>
    </ClCompile>
    <ClCompile Include="TitleAntonio.cpp">
      <Filter>ContentsObjects\Title\MainTitle</Filter>
    </ClCompile>
    <ClCompile Include="TitleBG.cpp">
      <Filter>ContentsObjects\Title\MainTitle</Filter>
    </ClCompile>
    <ClCompile Include="TitleImelda.cpp">
      <Filter>ContentsObjects\Title\MainTitle</Filter>
    </ClCompile>
    <ClCompile Include="TitleLogo.cpp">
      <Filter>ContentsObjects\Title\MainTitle</Filter>
    </ClCompile>
    <ClCompile Include="TitleVillain.cpp">
      <Filter>ContentsObjects\Title\MainTitle</Filter>
    </ClCompile>
    <ClCompile Include="TitleSelectCharacter.cpp">
      <Filter>ContentsObjects\Title\SelectCharacterTitle</Filter>
    </ClCompile>
    <ClCompile Include="TitleSelectCursor.cpp">
      <Filter>ContentsObjects\Title\SelectCharacterTitle</Filter>
    </ClCompile>
    <ClCompile Include="TitleCursor.cpp">
      <Filter>ContentsObjects\Title\MainTitle</Filter>
    </ClCompile>
    <ClCompile Include="ExpBarUI.cpp">
      <Filter>ContentsObjects\InGame\InGameUI</Filter>
    </ClCompile>
    <ClCompile Include="InGameUI.cpp">
      <Filter>ContentsObjects\InGame</Filter>
    </ClCompile>
    <ClCompile Include="WeaponSlotsUI.cpp">
      <Filter>ContentsObjects\InGame\InGameUI</Filter>
    </ClCompile>
    <ClCompile Include="KillAndGoldUI.cpp">
      <Filter>ContentsObjects\InGame\InGameUI</Filter>
    </ClCompile>
    <ClCompile Include="Weapon.cpp">
      <Filter>ContentsObjects\Weapon</Filter>
    </ClCompile>
    <ClCompile Include="ExpItem.cpp">
      <Filter>ContentsObjects\Item\DropItem</Filter>
    </ClCompile>
    <ClCompile Include="DropItem.cpp">
      <Filter>ContentsObjects\Item</Filter>
    </ClCompile>
    <ClCompile Include="LevelUpUI.cpp">
      <Filter>ContentsObjects\InGame\InGameUI</Filter>
    </ClCompile>
    <ClCompile Include="TimeUI.cpp">
      <Filter>ContentsObjects\InGame\InGameUI</Filter>
    </ClCompile>
    <ClCompile Include="TextBox.cpp">
      <Filter>ContentsObjects\Text</Filter>
    </ClCompile>
    <ClCompile Include="Knife.cpp">
      <Filter>ContentsObjects\Weapon\Aggressive</Filter>
    </ClCompile>
    <ClCompile Include="Whip.cpp">
      <Filter>ContentsObjects\Weapon\Aggressive</Filter>
    </ClCompile>
    <ClCompile Include="MagicWand.cpp">
      <Filter>ContentsObjects\Weapon\Aggressive</Filter>
    </ClCompile>
    <ClCompile Include="FireWand.cpp">
      <Filter>ContentsObjects\Weapon\Aggressive</Filter>
    </ClCompile>
    <ClCompile Include="KingBible.cpp">
      <Filter>ContentsObjects\Weapon\Aggressive</Filter>
    </ClCompile>
    <ClCompile Include="PlayerHpUI.cpp">
      <Filter>ContentsObjects\InGame\InGameUI</Filter>
    </ClCompile>
    <ClCompile Include="WeaponManager.cpp">
      <Filter>ContentsObjects\Weapon</Filter>
    </ClCompile>
    <ClCompile Include="HollowHeart.cpp">
      <Filter>ContentsObjects\Weapon\Passive</Filter>
    </ClCompile>
    <ClCompile Include="EmptyTome.cpp">
      <Filter>ContentsObjects\Weapon\Passive</Filter>
    </ClCompile>
    <ClCompile Include="Bracer.cpp">
      <Filter>ContentsObjects\Weapon\Passive</Filter>
    </ClCompile>
    <ClCompile Include="Spinach.cpp">
      <Filter>ContentsObjects\Weapon\Passive</Filter>
    </ClCompile>
    <ClCompile Include="Spellbinder.cpp">
      <Filter>ContentsObjects\Weapon\Passive</Filter>
    </ClCompile>
    <ClCompile Include="ItemContainer.cpp">
      <Filter>ContentsObjects\Item</Filter>
    </ClCompile>
    <ClCompile Include="GoldItem.cpp">
      <Filter>ContentsObjects\Item\DropItem</Filter>
    </ClCompile>
    <ClCompile Include="RosaryItem.cpp">
      <Filter>ContentsObjects\Item\DropItem</Filter>
    </ClCompile>
    <ClCompile Include="TantoItem.cpp">
      <Filter>ContentsObjects\Item\DropItem</Filter>
    </ClCompile>
    <ClCompile Include="VacuumItem.cpp">
      <Filter>ContentsObjects\Item\DropItem</Filter>
    </ClCompile>
    <ClCompile Include="FloorChickenItem.cpp">
      <Filter>ContentsObjects\Item\DropItem</Filter>
    </ClCompile>
    <ClCompile Include="RichCoinBagItem.cpp">
      <Filter>ContentsObjects\Item\DropItem</Filter>
    </ClCompile>
    <ClCompile Include="TantoSkill.cpp">
      <Filter>ContentsObjects\Item\DropItemSkill</Filter>
    </ClCompile>
    <ClCompile Include="Garlic.cpp">
      <Filter>ContentsObjects\Weapon\Aggressive</Filter>
    </ClCompile>
    <ClCompile Include="Pummarola.cpp">
      <Filter>ContentsObjects\Weapon\Passive</Filter>
    </ClCompile>
    <ClCompile Include="ChestItem.cpp">
      <Filter>ContentsObjects\Item</Filter>
    </ClCompile>
    <ClCompile Include="ChestUI.cpp">
      <Filter>ContentsObjects\InGame\InGameUI</Filter>
    </ClCompile>
    <ClCompile Include="DieUI.cpp">
      <Filter>ContentsObjects\InGame\DieUI</Filter>
    </ClCompile>
  </ItemGroup>
  <ItemGroup>
    <Filter Include="PreCompile">
      <UniqueIdentifier>{02fb7197-9b10-4a8d-86f6-9702f1b724e3}</UniqueIdentifier>
    </Filter>
    <Filter Include="ContentsObjects">
      <UniqueIdentifier>{eed5a0ad-0abd-4a7c-b03b-c276d3ed4aec}</UniqueIdentifier>
    </Filter>
    <Filter Include="ContentsObjects\Player">
      <UniqueIdentifier>{65f8c41c-3db2-4fb6-b0a2-c75b11856fb5}</UniqueIdentifier>
    </Filter>
    <Filter Include="ContentsCore">
      <UniqueIdentifier>{cd8c6bd2-387d-4630-86a7-79827ae723dc}</UniqueIdentifier>
    </Filter>
    <Filter Include="ContentsObjects\Global">
      <UniqueIdentifier>{0b285956-0d88-4f38-97f4-21b3c7b1aff5}</UniqueIdentifier>
    </Filter>
    <Filter Include="ContentsObjects\GameMode">
      <UniqueIdentifier>{1c225632-a69c-4795-9839-c4250d9d5c60}</UniqueIdentifier>
    </Filter>
    <Filter Include="ContentsObjects\InGame">
      <UniqueIdentifier>{238898a9-2dff-4472-85a0-09051f503afd}</UniqueIdentifier>
    </Filter>
    <Filter Include="ContentsObjects\Title">
      <UniqueIdentifier>{3a4f3a48-ce41-4e62-9d31-f3a7e55a4827}</UniqueIdentifier>
    </Filter>
    <Filter Include="ContentsObjects\Monster">
      <UniqueIdentifier>{6cfc64e9-b242-4ae8-afa0-c1551a6edeab}</UniqueIdentifier>
    </Filter>
    <Filter Include="ContentsObjects\Title\MainTitle">
      <UniqueIdentifier>{de0731a3-e7bc-4400-abc6-20cc24380b67}</UniqueIdentifier>
    </Filter>
    <Filter Include="ContentsObjects\Title\SelectCharacterTitle">
      <UniqueIdentifier>{44ef5715-a702-41a9-9826-1dee80d23857}</UniqueIdentifier>
    </Filter>
    <Filter Include="ContentsObjects\InGame\InGameUI">
      <UniqueIdentifier>{65cdf922-9da2-46f2-831a-d4ab30d0ca64}</UniqueIdentifier>
    </Filter>
    <Filter Include="ContentsObjects\Weapon">
      <UniqueIdentifier>{de05e550-c459-4e25-b478-cd0015cdefb5}</UniqueIdentifier>
    </Filter>
    <Filter Include="ContentsObjects\Item">
      <UniqueIdentifier>{d5bb33fe-4193-4ee3-a52d-321937077b1b}</UniqueIdentifier>
    </Filter>
    <Filter Include="ContentsObjects\Item\DropItem">
      <UniqueIdentifier>{1969d2c2-9f21-4997-8adb-5b43a966e098}</UniqueIdentifier>
    </Filter>
    <Filter Include="ContentsObjects\Text">
      <UniqueIdentifier>{12503f64-d3a7-4f82-9997-2c2c9be1bf39}</UniqueIdentifier>
    </Filter>
    <Filter Include="ContentsObjects\Weapon\Aggressive">
      <UniqueIdentifier>{dc35cda0-dd4c-4bde-a97e-4e1c4784d318}</UniqueIdentifier>
    </Filter>
    <Filter Include="ContentsObjects\Weapon\Passive">
      <UniqueIdentifier>{54f835fb-456c-40ce-9ea7-defcf5a24cd3}</UniqueIdentifier>
    </Filter>
    <Filter Include="ContentsObjects\Item\DropItemSkill">
      <UniqueIdentifier>{ec5834d5-b579-47ab-b68d-c6974985cfdb}</UniqueIdentifier>
    </Filter>
    <Filter Include="ContentsObjects\InGame\DieUI">
      <UniqueIdentifier>{a73beea7-45d1-4e86-a1d7-edb0ad03a8ea}</UniqueIdentifier>
    </Filter>
  </ItemGroup>
</Project>