<?xml version="1.0" encoding="utf-8"?>
<Project ToolsVersion="4.0" xmlns="http://schemas.microsoft.com/developer/msbuild/2003">
  <ItemGroup>
    <ClInclude Include="PreCompile.h">
      <Filter>PreCompile</Filter>
    </ClInclude>
    <ClInclude Include="Player.h">
      <Filter>ContentsObjects\Player</Filter>
    </ClInclude>
    <ClInclude Include="VamSurContentsCore.h">
      <Filter>ContentsCore</Filter>
    </ClInclude>
    <ClInclude Include="InGameMode.h">
      <Filter>ContentsObjects\InGameMode</Filter>
    </ClInclude>
    <ClInclude Include="Bullet.h">
      <Filter>ContentsObjects</Filter>
    </ClInclude>
    <ClInclude Include="PlayMap.h" />
    <ClInclude Include="ContentsEnum.h">
      <Filter>ContentsObjects\Global</Filter>
    </ClInclude>
  </ItemGroup>
  <ItemGroup>
    <ClCompile Include="PreCompile.cpp">
      <Filter>PreCompile</Filter>
    </ClCompile>
    <ClCompile Include="Player.cpp">
      <Filter>ContentsObjects\Player</Filter>
    </ClCompile>
    <ClCompile Include="VamSurContentsCore.cpp">
      <Filter>ContentsCore</Filter>
    </ClCompile>
    <ClCompile Include="InGameMode.cpp">
      <Filter>ContentsObjects\InGameMode</Filter>
    </ClCompile>
    <ClCompile Include="Bullet.cpp">
      <Filter>ContentsObjects</Filter>
    </ClCompile>
    <ClCompile Include="PlayMap.cpp" />
    <ClCompile Include="ContentsEnum.cpp">
      <Filter>ContentsObjects\Global</Filter>
    </ClCompile>
  </ItemGroup>
  <ItemGroup>
    <Filter Include="PreCompile">
      <UniqueIdentifier>{02fb7197-9b10-4a8d-86f6-9702f1b724e3}</UniqueIdentifier>
    </Filter>
    <Filter Include="ContentsObjects">
      <UniqueIdentifier>{eed5a0ad-0abd-4a7c-b03b-c276d3ed4aec}</UniqueIdentifier>
    </Filter>
    <Filter Include="ContentsObjects\Player">
      <UniqueIdentifier>{65f8c41c-3db2-4fb6-b0a2-c75b11856fb5}</UniqueIdentifier>
    </Filter>
    <Filter Include="ContentsCore">
      <UniqueIdentifier>{cd8c6bd2-387d-4630-86a7-79827ae723dc}</UniqueIdentifier>
    </Filter>
    <Filter Include="ContentsObjects\InGameMode">
      <UniqueIdentifier>{1c225632-a69c-4795-9839-c4250d9d5c60}</UniqueIdentifier>
    </Filter>
    <Filter Include="ContentsObjects\Global">
      <UniqueIdentifier>{0b285956-0d88-4f38-97f4-21b3c7b1aff5}</UniqueIdentifier>
    </Filter>
  </ItemGroup>
</Project>